<?xml version="1.0" encoding="utf-8"?>
<Project ToolsVersion="4.0" xmlns="http://schemas.microsoft.com/developer/msbuild/2003">
  <ItemGroup>
    <Filter Include="Source Files">
      <UniqueIdentifier>{4FC737F1-C7A5-4376-A066-2A32D752A2FF}</UniqueIdentifier>
      <Extensions>cpp;c;cc;cxx;c++;cppm;ixx;def;odl;idl;hpj;bat;asm;asmx</Extensions>
    </Filter>
    <Filter Include="Resource Files">
      <UniqueIdentifier>{67DA6AB6-F800-4c08-8B7A-83BB121AAD01}</UniqueIdentifier>
      <Extensions>rc;ico;cur;bmp;dlg;rc2;rct;bin;rgs;gif;jpg;jpeg;jpe;resx;tiff;tif;png;wav;mfcribbon-ms</Extensions>
    </Filter>
    <Filter Include="include">
      <UniqueIdentifier>{8539dc44-e94a-4f29-9aca-475dbb51be2d}</UniqueIdentifier>
    </Filter>
  </ItemGroup>
  <ItemGroup>
    <ClInclude Include="utils.h">
      <Filter>include</Filter>
    </ClInclude>
    <ClInclude Include="table.h">
      <Filter>include</Filter>
    </ClInclude>
    <ClInclude Include="parser.h">
      <Filter>include</Filter>
    </ClInclude>
    <ClInclude Include="filehelper.h">
      <Filter>include</Filter>
    </ClInclude>
    <ClInclude Include="database.h">
      <Filter>include</Filter>
    </ClInclude>
    <ClInclude Include="bplustree.h">
      <Filter>include</Filter>
    </ClInclude>
    <ClInclude Include="bminustree.h">
      <Filter>include</Filter>
    </ClInclude>
    <ClInclude Include="row.h">
      <Filter>include</Filter>
    </ClInclude>
    <ClInclude Include="dictionary.h">
      <Filter>include</Filter>
    </ClInclude>
  </ItemGroup>
  <ItemGroup>
    <ClCompile Include="main.cpp">
      <Filter>Source Files</Filter>
    </ClCompile>
  </ItemGroup>
  <ItemGroup>
    <None Include="..\..\..\..\Downloads\CS4488-F21-ISURDBMS\Capstone_RDBMS\Capstone_RDBMS.layout" />
    <None Include="..\..\..\..\Downloads\CS4488-F21-ISURDBMS\Capstone_RDBMS\CppProperties.json" />
    <None Include="..\..\..\..\Downloads\CS4488-F21-ISURDBMS\Capstone_RDBMS\Makefile.win" />
    <None Include="..\..\..\..\Downloads\CS4488-F21-ISURDBMS\Capstone_RDBMS\Capstone_RDBMS.depend" />
    <None Include="..\..\..\..\Downloads\CS4488-F21-ISURDBMS\Capstone_RDBMS\Capstone_RDBMS.dev" />
    <None Include="..\..\..\..\Downloads\CS4488-F21-ISURDBMS\Capstone_RDBMS\.gitignore" />
  </ItemGroup>
  <ItemGroup>
    <Text Include="..\..\..\..\Downloads\CS4488-F21-ISURDBMS\Capstone_RDBMS\README.txt" />
  </ItemGroup>
</Project>